// !$*UTF8*$!
{
	archiveVersion = 1;
	classes = {
	};
	objectVersion = 56;
	objects = {

/* Begin PBXBuildFile section */
		544AF11129AF653D00757C7E /* ContentView.swift in Sources */ = {isa = PBXBuildFile; fileRef = 544AF11029AF653D00757C7E /* ContentView.swift */; };
		544AF11329AF674D00757C7E /* HandsApp.swift in Sources */ = {isa = PBXBuildFile; fileRef = 544AF11229AF674D00757C7E /* HandsApp.swift */; };
		544AF11529AF715A00757C7E /* BottomView.swift in Sources */ = {isa = PBXBuildFile; fileRef = 544AF11429AF715A00757C7E /* BottomView.swift */; };
		5476644429AD0C4B00635CDC /* CameraViewController.swift in Sources */ = {isa = PBXBuildFile; fileRef = 5476644329AD0C4B00635CDC /* CameraViewController.swift */; };
		5476644829AD0D4E00635CDC /* MyHandPoseClassifier 1.mlmodel in Sources */ = {isa = PBXBuildFile; fileRef = 5476644729AD0D4E00635CDC /* MyHandPoseClassifier 1.mlmodel */; };
		547FED9F29AD144100EBDC13 /* SnapKit in Frameworks */ = {isa = PBXBuildFile; productRef = 547FED9E29AD144100EBDC13 /* SnapKit */; };
		54C940C329AA36DF00AF67BC /* Assets.xcassets in Resources */ = {isa = PBXBuildFile; fileRef = 54C940C229AA36DF00AF67BC /* Assets.xcassets */; };
		54C940C629AA36DF00AF67BC /* Preview Assets.xcassets in Resources */ = {isa = PBXBuildFile; fileRef = 54C940C529AA36DF00AF67BC /* Preview Assets.xcassets */; };
/* End PBXBuildFile section */

/* Begin PBXFileReference section */
		544AF11029AF653D00757C7E /* ContentView.swift */ = {isa = PBXFileReference; lastKnownFileType = sourcecode.swift; path = ContentView.swift; sourceTree = "<group>"; };
		544AF11229AF674D00757C7E /* HandsApp.swift */ = {isa = PBXFileReference; lastKnownFileType = sourcecode.swift; path = HandsApp.swift; sourceTree = "<group>"; };
		544AF11429AF715A00757C7E /* BottomView.swift */ = {isa = PBXFileReference; lastKnownFileType = sourcecode.swift; path = BottomView.swift; sourceTree = "<group>"; };
		5476644329AD0C4B00635CDC /* CameraViewController.swift */ = {isa = PBXFileReference; lastKnownFileType = sourcecode.swift; path = CameraViewController.swift; sourceTree = "<group>"; };
		5476644729AD0D4E00635CDC /* MyHandPoseClassifier 1.mlmodel */ = {isa = PBXFileReference; lastKnownFileType = file.mlmodel; path = "MyHandPoseClassifier 1.mlmodel"; sourceTree = "<group>"; };
		547FEDA029AD1AC700EBDC13 /* Info.plist */ = {isa = PBXFileReference; lastKnownFileType = text.plist; path = Info.plist; sourceTree = "<group>"; };
		54C940BB29AA36DE00AF67BC /* HandsApp.app */ = {isa = PBXFileReference; explicitFileType = wrapper.application; includeInIndex = 0; path = HandsApp.app; sourceTree = BUILT_PRODUCTS_DIR; };
		54C940C229AA36DF00AF67BC /* Assets.xcassets */ = {isa = PBXFileReference; lastKnownFileType = folder.assetcatalog; path = Assets.xcassets; sourceTree = "<group>"; };
		54C940C529AA36DF00AF67BC /* Preview Assets.xcassets */ = {isa = PBXFileReference; lastKnownFileType = folder.assetcatalog; path = "Preview Assets.xcassets"; sourceTree = "<group>"; };
/* End PBXFileReference section */

/* Begin PBXFrameworksBuildPhase section */
		54C940B829AA36DE00AF67BC /* Frameworks */ = {
			isa = PBXFrameworksBuildPhase;
			buildActionMask = 2147483647;
			files = (
				547FED9F29AD144100EBDC13 /* SnapKit in Frameworks */,
			);
			runOnlyForDeploymentPostprocessing = 0;
		};
/* End PBXFrameworksBuildPhase section */

/* Begin PBXGroup section */
		54C940B229AA36DE00AF67BC = {
			isa = PBXGroup;
			children = (
				54C940BD29AA36DE00AF67BC /* HandsApp */,
				54C940BC29AA36DE00AF67BC /* Products */,
			);
			sourceTree = "<group>";
		};
		54C940BC29AA36DE00AF67BC /* Products */ = {
			isa = PBXGroup;
			children = (
				54C940BB29AA36DE00AF67BC /* HandsApp.app */,
			);
			name = Products;
			sourceTree = "<group>";
		};
		54C940BD29AA36DE00AF67BC /* HandsApp */ = {
			isa = PBXGroup;
			children = (
				544AF11229AF674D00757C7E /* HandsApp.swift */,
				547FEDA029AD1AC700EBDC13 /* Info.plist */,
				5476644329AD0C4B00635CDC /* CameraViewController.swift */,
				544AF11029AF653D00757C7E /* ContentView.swift */,
				544AF11429AF715A00757C7E /* BottomView.swift */,
				5476644729AD0D4E00635CDC /* MyHandPoseClassifier 1.mlmodel */,
				54C940C229AA36DF00AF67BC /* Assets.xcassets */,
				54C940C429AA36DF00AF67BC /* Preview Content */,
			);
			path = HandsApp;
			sourceTree = "<group>";
		};
		54C940C429AA36DF00AF67BC /* Preview Content */ = {
			isa = PBXGroup;
			children = (
				54C940C529AA36DF00AF67BC /* Preview Assets.xcassets */,
			);
			path = "Preview Content";
			sourceTree = "<group>";
		};
/* End PBXGroup section */

/* Begin PBXNativeTarget section */
		54C940BA29AA36DE00AF67BC /* HandsApp */ = {
			isa = PBXNativeTarget;
			buildConfigurationList = 54C940C929AA36DF00AF67BC /* Build configuration list for PBXNativeTarget "HandsApp" */;
			buildPhases = (
				54C940B729AA36DE00AF67BC /* Sources */,
				54C940B829AA36DE00AF67BC /* Frameworks */,
				54C940B929AA36DE00AF67BC /* Resources */,
			);
			buildRules = (
			);
			dependencies = (
			);
			name = HandsApp;
			packageProductDependencies = (
				547FED9E29AD144100EBDC13 /* SnapKit */,
			);
			productName = HadsApp;
			productReference = 54C940BB29AA36DE00AF67BC /* HandsApp.app */;
			productType = "com.apple.product-type.application";
		};
/* End PBXNativeTarget section */

/* Begin PBXProject section */
		54C940B329AA36DE00AF67BC /* Project object */ = {
			isa = PBXProject;
			attributes = {
				BuildIndependentTargetsInParallel = 1;
				LastSwiftUpdateCheck = 1420;
				LastUpgradeCheck = 1420;
				TargetAttributes = {
					54C940BA29AA36DE00AF67BC = {
						CreatedOnToolsVersion = 14.2;
					};
				};
			};
			buildConfigurationList = 54C940B629AA36DE00AF67BC /* Build configuration list for PBXProject "HandsApp" */;
			compatibilityVersion = "Xcode 14.0";
			developmentRegion = en;
			hasScannedForEncodings = 0;
			knownRegions = (
				en,
				Base,
			);
			mainGroup = 54C940B229AA36DE00AF67BC;
			packageReferences = (
				547FED9D29AD144100EBDC13 /* XCRemoteSwiftPackageReference "SnapKit" */,
			);
			productRefGroup = 54C940BC29AA36DE00AF67BC /* Products */;
			projectDirPath = "";
			projectRoot = "";
			targets = (
				54C940BA29AA36DE00AF67BC /* HandsApp */,
			);
		};
/* End PBXProject section */

/* Begin PBXResourcesBuildPhase section */
		54C940B929AA36DE00AF67BC /* Resources */ = {
			isa = PBXResourcesBuildPhase;
			buildActionMask = 2147483647;
			files = (
				54C940C629AA36DF00AF67BC /* Preview Assets.xcassets in Resources */,
				54C940C329AA36DF00AF67BC /* Assets.xcassets in Resources */,
			);
			runOnlyForDeploymentPostprocessing = 0;
		};
/* End PBXResourcesBuildPhase section */

/* Begin PBXSourcesBuildPhase section */
		54C940B729AA36DE00AF67BC /* Sources */ = {
			isa = PBXSourcesBuildPhase;
			buildActionMask = 2147483647;
			files = (
				5476644829AD0D4E00635CDC /* MyHandPoseClassifier 1.mlmodel in Sources */,
				544AF11129AF653D00757C7E /* ContentView.swift in Sources */,
				544AF11529AF715A00757C7E /* BottomView.swift in Sources */,
				544AF11329AF674D00757C7E /* HandsApp.swift in Sources */,
				5476644429AD0C4B00635CDC /* CameraViewController.swift in Sources */,
			);
			runOnlyForDeploymentPostprocessing = 0;
		};
/* End PBXSourcesBuildPhase section */

/* Begin XCBuildConfiguration section */
		54C940C729AA36DF00AF67BC /* Debug */ = {
			isa = XCBuildConfiguration;
			buildSettings = {
				ALWAYS_SEARCH_USER_PATHS = NO;
				CLANG_ANALYZER_NONNULL = YES;
				CLANG_ANALYZER_NUMBER_OBJECT_CONVERSION = YES_AGGRESSIVE;
				CLANG_CXX_LANGUAGE_STANDARD = "gnu++20";
				CLANG_ENABLE_MODULES = YES;
				CLANG_ENABLE_OBJC_ARC = YES;
				CLANG_ENABLE_OBJC_WEAK = YES;
				CLANG_WARN_BLOCK_CAPTURE_AUTORELEASING = YES;
				CLANG_WARN_BOOL_CONVERSION = YES;
				CLANG_WARN_COMMA = YES;
				CLANG_WARN_CONSTANT_CONVERSION = YES;
				CLANG_WARN_DEPRECATED_OBJC_IMPLEMENTATIONS = YES;
				CLANG_WARN_DIRECT_OBJC_ISA_USAGE = YES_ERROR;
				CLANG_WARN_DOCUMENTATION_COMMENTS = YES;
				CLANG_WARN_EMPTY_BODY = YES;
				CLANG_WARN_ENUM_CONVERSION = YES;
				CLANG_WARN_INFINITE_RECURSION = YES;
				CLANG_WARN_INT_CONVERSION = YES;
				CLANG_WARN_NON_LITERAL_NULL_CONVERSION = YES;
				CLANG_WARN_OBJC_IMPLICIT_RETAIN_SELF = YES;
				CLANG_WARN_OBJC_LITERAL_CONVERSION = YES;
				CLANG_WARN_OBJC_ROOT_CLASS = YES_ERROR;
				CLANG_WARN_QUOTED_INCLUDE_IN_FRAMEWORK_HEADER = YES;
				CLANG_WARN_RANGE_LOOP_ANALYSIS = YES;
				CLANG_WARN_STRICT_PROTOTYPES = YES;
				CLANG_WARN_SUSPICIOUS_MOVE = YES;
				CLANG_WARN_UNGUARDED_AVAILABILITY = YES_AGGRESSIVE;
				CLANG_WARN_UNREACHABLE_CODE = YES;
				CLANG_WARN__DUPLICATE_METHOD_MATCH = YES;
				COPY_PHASE_STRIP = NO;
				DEBUG_INFORMATION_FORMAT = dwarf;
				ENABLE_STRICT_OBJC_MSGSEND = YES;
				ENABLE_TESTABILITY = YES;
				GCC_C_LANGUAGE_STANDARD = gnu11;
				GCC_DYNAMIC_NO_PIC = NO;
				GCC_NO_COMMON_BLOCKS = YES;
				GCC_OPTIMIZATION_LEVEL = 0;
				GCC_PREPROCESSOR_DEFINITIONS = (
					"DEBUG=1",
					"$(inherited)",
				);
				GCC_WARN_64_TO_32_BIT_CONVERSION = YES;
				GCC_WARN_ABOUT_RETURN_TYPE = YES_ERROR;
				GCC_WARN_UNDECLARED_SELECTOR = YES;
				GCC_WARN_UNINITIALIZED_AUTOS = YES_AGGRESSIVE;
				GCC_WARN_UNUSED_FUNCTION = YES;
				GCC_WARN_UNUSED_VARIABLE = YES;
				IPHONEOS_DEPLOYMENT_TARGET = 16.2;
				MTL_ENABLE_DEBUG_INFO = INCLUDE_SOURCE;
				MTL_FAST_MATH = YES;
				ONLY_ACTIVE_ARCH = YES;
				SDKROOT = iphoneos;
				SWIFT_ACTIVE_COMPILATION_CONDITIONS = DEBUG;
				SWIFT_OPTIMIZATION_LEVEL = "-Onone";
			};
			name = Debug;
		};
		54C940C829AA36DF00AF67BC /* Release */ = {
			isa = XCBuildConfiguration;
			buildSettings = {
				ALWAYS_SEARCH_USER_PATHS = NO;
				CLANG_ANALYZER_NONNULL = YES;
				CLANG_ANALYZER_NUMBER_OBJECT_CONVERSION = YES_AGGRESSIVE;
				CLANG_CXX_LANGUAGE_STANDARD = "gnu++20";
				CLANG_ENABLE_MODULES = YES;
				CLANG_ENABLE_OBJC_ARC = YES;
				CLANG_ENABLE_OBJC_WEAK = YES;
				CLANG_WARN_BLOCK_CAPTURE_AUTORELEASING = YES;
				CLANG_WARN_BOOL_CONVERSION = YES;
				CLANG_WARN_COMMA = YES;
				CLANG_WARN_CONSTANT_CONVERSION = YES;
				CLANG_WARN_DEPRECATED_OBJC_IMPLEMENTATIONS = YES;
				CLANG_WARN_DIRECT_OBJC_ISA_USAGE = YES_ERROR;
				CLANG_WARN_DOCUMENTATION_COMMENTS = YES;
				CLANG_WARN_EMPTY_BODY = YES;
				CLANG_WARN_ENUM_CONVERSION = YES;
				CLANG_WARN_INFINITE_RECURSION = YES;
				CLANG_WARN_INT_CONVERSION = YES;
				CLANG_WARN_NON_LITERAL_NULL_CONVERSION = YES;
				CLANG_WARN_OBJC_IMPLICIT_RETAIN_SELF = YES;
				CLANG_WARN_OBJC_LITERAL_CONVERSION = YES;
				CLANG_WARN_OBJC_ROOT_CLASS = YES_ERROR;
				CLANG_WARN_QUOTED_INCLUDE_IN_FRAMEWORK_HEADER = YES;
				CLANG_WARN_RANGE_LOOP_ANALYSIS = YES;
				CLANG_WARN_STRICT_PROTOTYPES = YES;
				CLANG_WARN_SUSPICIOUS_MOVE = YES;
				CLANG_WARN_UNGUARDED_AVAILABILITY = YES_AGGRESSIVE;
				CLANG_WARN_UNREACHABLE_CODE = YES;
				CLANG_WARN__DUPLICATE_METHOD_MATCH = YES;
				COPY_PHASE_STRIP = NO;
				DEBUG_INFORMATION_FORMAT = "dwarf-with-dsym";
				ENABLE_NS_ASSERTIONS = NO;
				ENABLE_STRICT_OBJC_MSGSEND = YES;
				GCC_C_LANGUAGE_STANDARD = gnu11;
				GCC_NO_COMMON_BLOCKS = YES;
				GCC_WARN_64_TO_32_BIT_CONVERSION = YES;
				GCC_WARN_ABOUT_RETURN_TYPE = YES_ERROR;
				GCC_WARN_UNDECLARED_SELECTOR = YES;
				GCC_WARN_UNINITIALIZED_AUTOS = YES_AGGRESSIVE;
				GCC_WARN_UNUSED_FUNCTION = YES;
				GCC_WARN_UNUSED_VARIABLE = YES;
				IPHONEOS_DEPLOYMENT_TARGET = 16.2;
				MTL_ENABLE_DEBUG_INFO = NO;
				MTL_FAST_MATH = YES;
				SDKROOT = iphoneos;
				SWIFT_COMPILATION_MODE = wholemodule;
				SWIFT_OPTIMIZATION_LEVEL = "-O";
				VALIDATE_PRODUCT = YES;
			};
			name = Release;
		};
		54C940CA29AA36DF00AF67BC /* Debug */ = {
			isa = XCBuildConfiguration;
			buildSettings = {
				ASSETCATALOG_COMPILER_APPICON_NAME = AppIcon;
				ASSETCATALOG_COMPILER_GLOBAL_ACCENT_COLOR_NAME = AccentColor;
				CODE_SIGN_STYLE = Automatic;
				CURRENT_PROJECT_VERSION = 1;
				DEVELOPMENT_ASSET_PATHS = "\"HandsApp/Preview Content\"";
				DEVELOPMENT_TEAM = LU4XHFZPKM;
				ENABLE_PREVIEWS = YES;
				GENERATE_INFOPLIST_FILE = YES;
				INFOPLIST_FILE = HandsApp/Info.plist;
				INFOPLIST_KEY_NSCameraUsageDescription = "We need Camera access in order to launch the app!";
				INFOPLIST_KEY_NSMicrophoneUsageDescription = "We need Microphone access in order to record videos!";
				INFOPLIST_KEY_NSPhotoLibraryUsageDescription = "We need Photos access in order to save media!";
				INFOPLIST_KEY_UIApplicationSceneManifest_Generation = YES;
				INFOPLIST_KEY_UIApplicationSupportsIndirectInputEvents = YES;
				INFOPLIST_KEY_UILaunchScreen_Generation = YES;
				INFOPLIST_KEY_UISupportedInterfaceOrientations_iPad = "UIInterfaceOrientationPortrait UIInterfaceOrientationPortraitUpsideDown UIInterfaceOrientationLandscapeLeft UIInterfaceOrientationLandscapeRight";
				INFOPLIST_KEY_UISupportedInterfaceOrientations_iPhone = "UIInterfaceOrientationPortrait UIInterfaceOrientationLandscapeLeft UIInterfaceOrientationLandscapeRight";
				IPHONEOS_DEPLOYMENT_TARGET = 16.0;
				LD_RUNPATH_SEARCH_PATHS = (
					"$(inherited)",
					"@executable_path/Frameworks",
				);
				MARKETING_VERSION = 1.0;
				PRODUCT_BUNDLE_IDENTIFIER = com.ariuna.HadsApp;
				PRODUCT_NAME = "$(TARGET_NAME)";
				SUPPORTED_PLATFORMS = "iphoneos iphonesimulator";
				SUPPORTS_MACCATALYST = NO;
				SUPPORTS_MAC_DESIGNED_FOR_IPHONE_IPAD = NO;
				SWIFT_EMIT_LOC_STRINGS = YES;
				SWIFT_VERSION = 5.0;
				TARGETED_DEVICE_FAMILY = 1;
			};
			name = Debug;
		};
		54C940CB29AA36DF00AF67BC /* Release */ = {
			isa = XCBuildConfiguration;
			buildSettings = {
				ASSETCATALOG_COMPILER_APPICON_NAME = AppIcon;
				ASSETCATALOG_COMPILER_GLOBAL_ACCENT_COLOR_NAME = AccentColor;
				CODE_SIGN_STYLE = Automatic;
				CURRENT_PROJECT_VERSION = 1;
				DEVELOPMENT_ASSET_PATHS = "\"HandsApp/Preview Content\"";
				DEVELOPMENT_TEAM = LU4XHFZPKM;
				ENABLE_PREVIEWS = YES;
				GENERATE_INFOPLIST_FILE = YES;
				INFOPLIST_FILE = HandsApp/Info.plist;
				INFOPLIST_KEY_NSCameraUsageDescription = "We need Camera access in order to launch the app!";
				INFOPLIST_KEY_NSMicrophoneUsageDescription = "We need Microphone access in order to record videos!";
				INFOPLIST_KEY_NSPhotoLibraryUsageDescription = "We need Photos access in order to save media!";
				INFOPLIST_KEY_UIApplicationSceneManifest_Generation = YES;
				INFOPLIST_KEY_UIApplicationSupportsIndirectInputEvents = YES;
				INFOPLIST_KEY_UILaunchScreen_Generation = YES;
				INFOPLIST_KEY_UISupportedInterfaceOrientations_iPad = "UIInterfaceOrientationPortrait UIInterfaceOrientationPortraitUpsideDown UIInterfaceOrientationLandscapeLeft UIInterfaceOrientationLandscapeRight";
				INFOPLIST_KEY_UISupportedInterfaceOrientations_iPhone = "UIInterfaceOrientationPortrait UIInterfaceOrientationLandscapeLeft UIInterfaceOrientationLandscapeRight";
				IPHONEOS_DEPLOYMENT_TARGET = 16.0;
				LD_RUNPATH_SEARCH_PATHS = (
					"$(inherited)",
					"@executable_path/Frameworks",
				);
				MARKETING_VERSION = 1.0;
				PRODUCT_BUNDLE_IDENTIFIER = com.ariuna.HadsApp;
				PRODUCT_NAME = "$(TARGET_NAME)";
				SUPPORTED_PLATFORMS = "iphoneos iphonesimulator";
				SUPPORTS_MACCATALYST = NO;
				SUPPORTS_MAC_DESIGNED_FOR_IPHONE_IPAD = NO;
				SWIFT_EMIT_LOC_STRINGS = YES;
				SWIFT_VERSION = 5.0;
				TARGETED_DEVICE_FAMILY = 1;
			};
			name = Release;
		};
/* End XCBuildConfiguration section */

/* Begin XCConfigurationList section */
		54C940B629AA36DE00AF67BC /* Build configuration list for PBXProject "HandsApp" */ = {
			isa = XCConfigurationList;
			buildConfigurations = (
				54C940C729AA36DF00AF67BC /* Debug */,
				54C940C829AA36DF00AF67BC /* Release */,
			);
			defaultConfigurationIsVisible = 0;
			defaultConfigurationName = Release;
		};
		54C940C929AA36DF00AF67BC /* Build configuration list for PBXNativeTarget "HandsApp" */ = {
			isa = XCConfigurationList;
			buildConfigurations = (
				54C940CA29AA36DF00AF67BC /* Debug */,
				54C940CB29AA36DF00AF67BC /* Release */,
			);
			defaultConfigurationIsVisible = 0;
			defaultConfigurationName = Release;
		};
/* End XCConfigurationList section */

/* Begin XCRemoteSwiftPackageReference section */
		547FED9D29AD144100EBDC13 /* XCRemoteSwiftPackageReference "SnapKit" */ = {
			isa = XCRemoteSwiftPackageReference;
			repositoryURL = "https://github.com/SnapKit/SnapKit";
			requirement = {
				kind = upToNextMajorVersion;
				minimumVersion = 5.0.0;
			};
		};
/* End XCRemoteSwiftPackageReference section */

/* Begin XCSwiftPackageProductDependency section */
		547FED9E29AD144100EBDC13 /* SnapKit */ = {
			isa = XCSwiftPackageProductDependency;
			package = 547FED9D29AD144100EBDC13 /* XCRemoteSwiftPackageReference "SnapKit" */;
			productName = SnapKit;
		};
/* End XCSwiftPackageProductDependency section */
	};
	rootObject = 54C940B329AA36DE00AF67BC /* Project object */;
}
