// !$*UTF8*$!
{
	archiveVersion = 1;
	classes = {
	};
	objectVersion = 56;
	objects = {

/* Begin PBXBuildFile section */
		540B56AB29B1039400699001 /* TutorialCameraViewController.swift in Sources */ = {isa = PBXBuildFile; fileRef = 540B56AA29B1039400699001 /* TutorialCameraViewController.swift */; };
		540B56AD29B104C500699001 /* TutorialCameraViewModel.swift in Sources */ = {isa = PBXBuildFile; fileRef = 540B56AC29B104C500699001 /* TutorialCameraViewModel.swift */; };
		540B56AF29B104FB00699001 /* TutorialCameraView.swift in Sources */ = {isa = PBXBuildFile; fileRef = 540B56AE29B104FB00699001 /* TutorialCameraView.swift */; };
		540B56B229B1097700699001 /* TutorialModalView.swift in Sources */ = {isa = PBXBuildFile; fileRef = 540B56B129B1097700699001 /* TutorialModalView.swift */; };
		544AF11129AF653D00757C7E /* ContentView.swift in Sources */ = {isa = PBXBuildFile; fileRef = 544AF11029AF653D00757C7E /* ContentView.swift */; };
		544AF11329AF674D00757C7E /* HandsApp.swift in Sources */ = {isa = PBXBuildFile; fileRef = 544AF11229AF674D00757C7E /* HandsApp.swift */; };
		544E4E9B29B0E30B0063EB35 /* SplashPage.swift in Sources */ = {isa = PBXBuildFile; fileRef = 544E4E9A29B0E30B0063EB35 /* SplashPage.swift */; };
		544E4E9D29B0E3940063EB35 /* GestureTutorial1.swift in Sources */ = {isa = PBXBuildFile; fileRef = 544E4E9C29B0E3940063EB35 /* GestureTutorial1.swift */; };
		544E4E9F29B0E3B90063EB35 /* GestureTutorial2.swift in Sources */ = {isa = PBXBuildFile; fileRef = 544E4E9E29B0E3B90063EB35 /* GestureTutorial2.swift */; };
		544E4EA129B0E4FA0063EB35 /* GestureTutorial3.swift in Sources */ = {isa = PBXBuildFile; fileRef = 544E4EA029B0E4FA0063EB35 /* GestureTutorial3.swift */; };
		544E4EA329B0E51E0063EB35 /* ThumpPageView.swift in Sources */ = {isa = PBXBuildFile; fileRef = 544E4EA229B0E51E0063EB35 /* ThumpPageView.swift */; };
		544E4EA529B0E5DA0063EB35 /* OnboardingView.swift in Sources */ = {isa = PBXBuildFile; fileRef = 544E4EA429B0E5DA0063EB35 /* OnboardingView.swift */; };
		5476644429AD0C4B00635CDC /* CameraViewController.swift in Sources */ = {isa = PBXBuildFile; fileRef = 5476644329AD0C4B00635CDC /* CameraViewController.swift */; };
		547FED9F29AD144100EBDC13 /* SnapKit in Frameworks */ = {isa = PBXBuildFile; productRef = 547FED9E29AD144100EBDC13 /* SnapKit */; };
		548DA07C29AFB4CA0091DD67 /* CameraViewModel.swift in Sources */ = {isa = PBXBuildFile; fileRef = 548DA07B29AFB4CA0091DD67 /* CameraViewModel.swift */; };
		548DA07E29AFB79E0091DD67 /* CameraView.swift in Sources */ = {isa = PBXBuildFile; fileRef = 548DA07D29AFB79E0091DD67 /* CameraView.swift */; };
		548DA08029AFBC790091DD67 /* MyHandPoseClassifier 1.mlmodel in Sources */ = {isa = PBXBuildFile; fileRef = 548DA07F29AFBC790091DD67 /* MyHandPoseClassifier 1.mlmodel */; };
		54C940C329AA36DF00AF67BC /* Assets.xcassets in Resources */ = {isa = PBXBuildFile; fileRef = 54C940C229AA36DF00AF67BC /* Assets.xcassets */; };
		54C940C629AA36DF00AF67BC /* Preview Assets.xcassets in Resources */ = {isa = PBXBuildFile; fileRef = 54C940C529AA36DF00AF67BC /* Preview Assets.xcassets */; };
		54CC499F29B7721E0008364A /* NavigationViewModel.swift in Sources */ = {isa = PBXBuildFile; fileRef = 54CC499E29B7721E0008364A /* NavigationViewModel.swift */; };
		54EC718A29B2064700168D8C /* HandPoseClassifier 1.mlmodel in Sources */ = {isa = PBXBuildFile; fileRef = 54EC718929B2064700168D8C /* HandPoseClassifier 1.mlmodel */; };
		54F3194C29B73A1700EE0A2B /* RefineModalView.swift in Sources */ = {isa = PBXBuildFile; fileRef = 54F3194B29B73A1700EE0A2B /* RefineModalView.swift */; };
		E5526B3029B8D92900C1ED35 /* Localizable.strings in Resources */ = {isa = PBXBuildFile; fileRef = E5526B3229B8D92900C1ED35 /* Localizable.strings */; };
/* End PBXBuildFile section */

/* Begin PBXFileReference section */
		540B56AA29B1039400699001 /* TutorialCameraViewController.swift */ = {isa = PBXFileReference; lastKnownFileType = sourcecode.swift; path = TutorialCameraViewController.swift; sourceTree = "<group>"; };
		540B56AC29B104C500699001 /* TutorialCameraViewModel.swift */ = {isa = PBXFileReference; lastKnownFileType = sourcecode.swift; path = TutorialCameraViewModel.swift; sourceTree = "<group>"; };
		540B56AE29B104FB00699001 /* TutorialCameraView.swift */ = {isa = PBXFileReference; lastKnownFileType = sourcecode.swift; path = TutorialCameraView.swift; sourceTree = "<group>"; };
		540B56B129B1097700699001 /* TutorialModalView.swift */ = {isa = PBXFileReference; lastKnownFileType = sourcecode.swift; path = TutorialModalView.swift; sourceTree = "<group>"; };
		544AF11029AF653D00757C7E /* ContentView.swift */ = {isa = PBXFileReference; lastKnownFileType = sourcecode.swift; path = ContentView.swift; sourceTree = "<group>"; };
		544AF11229AF674D00757C7E /* HandsApp.swift */ = {isa = PBXFileReference; lastKnownFileType = sourcecode.swift; path = HandsApp.swift; sourceTree = "<group>"; };
		544E4E9A29B0E30B0063EB35 /* SplashPage.swift */ = {isa = PBXFileReference; lastKnownFileType = sourcecode.swift; path = SplashPage.swift; sourceTree = "<group>"; };
		544E4E9C29B0E3940063EB35 /* GestureTutorial1.swift */ = {isa = PBXFileReference; lastKnownFileType = sourcecode.swift; path = GestureTutorial1.swift; sourceTree = "<group>"; };
		544E4E9E29B0E3B90063EB35 /* GestureTutorial2.swift */ = {isa = PBXFileReference; lastKnownFileType = sourcecode.swift; path = GestureTutorial2.swift; sourceTree = "<group>"; };
		544E4EA029B0E4FA0063EB35 /* GestureTutorial3.swift */ = {isa = PBXFileReference; lastKnownFileType = sourcecode.swift; path = GestureTutorial3.swift; sourceTree = "<group>"; };
		544E4EA229B0E51E0063EB35 /* ThumpPageView.swift */ = {isa = PBXFileReference; lastKnownFileType = sourcecode.swift; path = ThumpPageView.swift; sourceTree = "<group>"; };
		544E4EA429B0E5DA0063EB35 /* OnboardingView.swift */ = {isa = PBXFileReference; lastKnownFileType = sourcecode.swift; path = OnboardingView.swift; sourceTree = "<group>"; };
		5476644329AD0C4B00635CDC /* CameraViewController.swift */ = {isa = PBXFileReference; lastKnownFileType = sourcecode.swift; path = CameraViewController.swift; sourceTree = "<group>"; };
		547FEDA029AD1AC700EBDC13 /* Info.plist */ = {isa = PBXFileReference; lastKnownFileType = text.plist; path = Info.plist; sourceTree = "<group>"; };
		548DA07B29AFB4CA0091DD67 /* CameraViewModel.swift */ = {isa = PBXFileReference; lastKnownFileType = sourcecode.swift; path = CameraViewModel.swift; sourceTree = "<group>"; };
		548DA07D29AFB79E0091DD67 /* CameraView.swift */ = {isa = PBXFileReference; lastKnownFileType = sourcecode.swift; path = CameraView.swift; sourceTree = "<group>"; };
		548DA07F29AFBC790091DD67 /* MyHandPoseClassifier 1.mlmodel */ = {isa = PBXFileReference; lastKnownFileType = file.mlmodel; path = "MyHandPoseClassifier 1.mlmodel"; sourceTree = "<group>"; };
		54C940BB29AA36DE00AF67BC /* HandsApp.app */ = {isa = PBXFileReference; explicitFileType = wrapper.application; includeInIndex = 0; path = HandsApp.app; sourceTree = BUILT_PRODUCTS_DIR; };
		54C940C229AA36DF00AF67BC /* Assets.xcassets */ = {isa = PBXFileReference; lastKnownFileType = folder.assetcatalog; path = Assets.xcassets; sourceTree = "<group>"; };
		54C940C529AA36DF00AF67BC /* Preview Assets.xcassets */ = {isa = PBXFileReference; lastKnownFileType = folder.assetcatalog; path = "Preview Assets.xcassets"; sourceTree = "<group>"; };
		54CC499E29B7721E0008364A /* NavigationViewModel.swift */ = {isa = PBXFileReference; lastKnownFileType = sourcecode.swift; path = NavigationViewModel.swift; sourceTree = "<group>"; };
		54E9170E29B8FDDD00951058 /* ru */ = {isa = PBXFileReference; lastKnownFileType = text.plist.strings; name = ru; path = ru.lproj/Localizable.strings; sourceTree = "<group>"; };
		54EC718929B2064700168D8C /* HandPoseClassifier 1.mlmodel */ = {isa = PBXFileReference; lastKnownFileType = file.mlmodel; path = "HandPoseClassifier 1.mlmodel"; sourceTree = "<group>"; };
		54F3194B29B73A1700EE0A2B /* RefineModalView.swift */ = {isa = PBXFileReference; lastKnownFileType = sourcecode.swift; path = RefineModalView.swift; sourceTree = "<group>"; };
		E5526B3129B8D92900C1ED35 /* en */ = {isa = PBXFileReference; lastKnownFileType = text.plist.strings; name = en; path = en.lproj/Localizable.strings; sourceTree = "<group>"; };
		E5526B3329B8D93600C1ED35 /* it */ = {isa = PBXFileReference; lastKnownFileType = text.plist.strings; name = it; path = it.lproj/Localizable.strings; sourceTree = "<group>"; };
/* End PBXFileReference section */

/* Begin PBXFrameworksBuildPhase section */
		54C940B829AA36DE00AF67BC /* Frameworks */ = {
			isa = PBXFrameworksBuildPhase;
			buildActionMask = 2147483647;
			files = (
				547FED9F29AD144100EBDC13 /* SnapKit in Frameworks */,
			);
			runOnlyForDeploymentPostprocessing = 0;
		};
/* End PBXFrameworksBuildPhase section */

/* Begin PBXGroup section */
		540B56B029B1050D00699001 /* Tutorial */ = {
			isa = PBXGroup;
			children = (
				540B56AA29B1039400699001 /* TutorialCameraViewController.swift */,
				540B56AE29B104FB00699001 /* TutorialCameraView.swift */,
				540B56AC29B104C500699001 /* TutorialCameraViewModel.swift */,
				540B56B129B1097700699001 /* TutorialModalView.swift */,
			);
			path = Tutorial;
			sourceTree = "<group>";
		};
		544E4EA629B0E73B0063EB35 /* Helpers */ = {
			isa = PBXGroup;
			children = (
				544E4E9A29B0E30B0063EB35 /* SplashPage.swift */,
				544E4E9C29B0E3940063EB35 /* GestureTutorial1.swift */,
				544E4E9E29B0E3B90063EB35 /* GestureTutorial2.swift */,
				544E4EA029B0E4FA0063EB35 /* GestureTutorial3.swift */,
				544E4EA229B0E51E0063EB35 /* ThumpPageView.swift */,
			);
			path = Helpers;
			sourceTree = "<group>";
		};
		54B61AAE29B0DF2200B75B0E /* Onboarding */ = {
			isa = PBXGroup;
			children = (
				544E4EA629B0E73B0063EB35 /* Helpers */,
				544E4EA429B0E5DA0063EB35 /* OnboardingView.swift */,
				54CC499E29B7721E0008364A /* NavigationViewModel.swift */,
			);
			path = Onboarding;
			sourceTree = "<group>";
		};
		54C940B229AA36DE00AF67BC = {
			isa = PBXGroup;
			children = (
				54C940BD29AA36DE00AF67BC /* HandsApp */,
				54C940BC29AA36DE00AF67BC /* Products */,
			);
			sourceTree = "<group>";
		};
		54C940BC29AA36DE00AF67BC /* Products */ = {
			isa = PBXGroup;
			children = (
				54C940BB29AA36DE00AF67BC /* HandsApp.app */,
			);
			name = Products;
			sourceTree = "<group>";
		};
		54C940BD29AA36DE00AF67BC /* HandsApp */ = {
			isa = PBXGroup;
			children = (
				E5526B3229B8D92900C1ED35 /* Localizable.strings */,
				540B56B029B1050D00699001 /* Tutorial */,
				54B61AAE29B0DF2200B75B0E /* Onboarding */,
				544AF11229AF674D00757C7E /* HandsApp.swift */,
				547FEDA029AD1AC700EBDC13 /* Info.plist */,
				5476644329AD0C4B00635CDC /* CameraViewController.swift */,
				544AF11029AF653D00757C7E /* ContentView.swift */,
				548DA07D29AFB79E0091DD67 /* CameraView.swift */,
				54F3194B29B73A1700EE0A2B /* RefineModalView.swift */,
				548DA07B29AFB4CA0091DD67 /* CameraViewModel.swift */,
				548DA07F29AFBC790091DD67 /* MyHandPoseClassifier 1.mlmodel */,
				54EC718929B2064700168D8C /* HandPoseClassifier 1.mlmodel */,
				54C940C229AA36DF00AF67BC /* Assets.xcassets */,
				54C940C429AA36DF00AF67BC /* Preview Content */,
			);
			path = HandsApp;
			sourceTree = "<group>";
		};
		54C940C429AA36DF00AF67BC /* Preview Content */ = {
			isa = PBXGroup;
			children = (
				54C940C529AA36DF00AF67BC /* Preview Assets.xcassets */,
			);
			path = "Preview Content";
			sourceTree = "<group>";
		};
/* End PBXGroup section */

/* Begin PBXNativeTarget section */
		54C940BA29AA36DE00AF67BC /* HandsApp */ = {
			isa = PBXNativeTarget;
			buildConfigurationList = 54C940C929AA36DF00AF67BC /* Build configuration list for PBXNativeTarget "HandsApp" */;
			buildPhases = (
				54C940B729AA36DE00AF67BC /* Sources */,
				54C940B829AA36DE00AF67BC /* Frameworks */,
				54C940B929AA36DE00AF67BC /* Resources */,
			);
			buildRules = (
			);
			dependencies = (
			);
			name = HandsApp;
			packageProductDependencies = (
				547FED9E29AD144100EBDC13 /* SnapKit */,
			);
			productName = HadsApp;
			productReference = 54C940BB29AA36DE00AF67BC /* HandsApp.app */;
			productType = "com.apple.product-type.application";
		};
/* End PBXNativeTarget section */

/* Begin PBXProject section */
		54C940B329AA36DE00AF67BC /* Project object */ = {
			isa = PBXProject;
			attributes = {
				BuildIndependentTargetsInParallel = 1;
				LastSwiftUpdateCheck = 1420;
				LastUpgradeCheck = 1420;
				TargetAttributes = {
					54C940BA29AA36DE00AF67BC = {
						CreatedOnToolsVersion = 14.2;
					};
				};
			};
			buildConfigurationList = 54C940B629AA36DE00AF67BC /* Build configuration list for PBXProject "HandsApp" */;
			compatibilityVersion = "Xcode 14.0";
			developmentRegion = en;
			hasScannedForEncodings = 0;
			knownRegions = (
				en,
				it,
				ru,
			);
			mainGroup = 54C940B229AA36DE00AF67BC;
			packageReferences = (
				547FED9D29AD144100EBDC13 /* XCRemoteSwiftPackageReference "SnapKit" */,
			);
			productRefGroup = 54C940BC29AA36DE00AF67BC /* Products */;
			projectDirPath = "";
			projectRoot = "";
			targets = (
				54C940BA29AA36DE00AF67BC /* HandsApp */,
			);
		};
/* End PBXProject section */

/* Begin PBXResourcesBuildPhase section */
		54C940B929AA36DE00AF67BC /* Resources */ = {
			isa = PBXResourcesBuildPhase;
			buildActionMask = 2147483647;
			files = (
				54C940C629AA36DF00AF67BC /* Preview Assets.xcassets in Resources */,
				E5526B3029B8D92900C1ED35 /* Localizable.strings in Resources */,
				54C940C329AA36DF00AF67BC /* Assets.xcassets in Resources */,
			);
			runOnlyForDeploymentPostprocessing = 0;
		};
/* End PBXResourcesBuildPhase section */

/* Begin PBXSourcesBuildPhase section */
		54C940B729AA36DE00AF67BC /* Sources */ = {
			isa = PBXSourcesBuildPhase;
			buildActionMask = 2147483647;
			files = (
				54EC718A29B2064700168D8C /* HandPoseClassifier 1.mlmodel in Sources */,
				544E4EA129B0E4FA0063EB35 /* GestureTutorial3.swift in Sources */,
				544E4EA529B0E5DA0063EB35 /* OnboardingView.swift in Sources */,
				544AF11129AF653D00757C7E /* ContentView.swift in Sources */,
				540B56AD29B104C500699001 /* TutorialCameraViewModel.swift in Sources */,
				54F3194C29B73A1700EE0A2B /* RefineModalView.swift in Sources */,
				548DA07C29AFB4CA0091DD67 /* CameraViewModel.swift in Sources */,
				548DA08029AFBC790091DD67 /* MyHandPoseClassifier 1.mlmodel in Sources */,
				544AF11329AF674D00757C7E /* HandsApp.swift in Sources */,
				540B56AF29B104FB00699001 /* TutorialCameraView.swift in Sources */,
				544E4E9F29B0E3B90063EB35 /* GestureTutorial2.swift in Sources */,
				54CC499F29B7721E0008364A /* NavigationViewModel.swift in Sources */,
				540B56B229B1097700699001 /* TutorialModalView.swift in Sources */,
				544E4E9B29B0E30B0063EB35 /* SplashPage.swift in Sources */,
				544E4E9D29B0E3940063EB35 /* GestureTutorial1.swift in Sources */,
				5476644429AD0C4B00635CDC /* CameraViewController.swift in Sources */,
				540B56AB29B1039400699001 /* TutorialCameraViewController.swift in Sources */,
				544E4EA329B0E51E0063EB35 /* ThumpPageView.swift in Sources */,
				548DA07E29AFB79E0091DD67 /* CameraView.swift in Sources */,
			);
			runOnlyForDeploymentPostprocessing = 0;
		};
/* End PBXSourcesBuildPhase section */

/* Begin PBXVariantGroup section */
		E5526B3229B8D92900C1ED35 /* Localizable.strings */ = {
			isa = PBXVariantGroup;
			children = (
				E5526B3129B8D92900C1ED35 /* en */,
				E5526B3329B8D93600C1ED35 /* it */,
				54E9170E29B8FDDD00951058 /* ru */,
			);
			name = Localizable.strings;
			sourceTree = "<group>";
		};
/* End PBXVariantGroup section */

/* Begin XCBuildConfiguration section */
		54C940C729AA36DF00AF67BC /* Debug */ = {
			isa = XCBuildConfiguration;
			buildSettings = {
				ALWAYS_SEARCH_USER_PATHS = NO;
				CLANG_ANALYZER_LOCALIZABILITY_NONLOCALIZED = YES;
				CLANG_ANALYZER_NONNULL = YES;
				CLANG_ANALYZER_NUMBER_OBJECT_CONVERSION = YES_AGGRESSIVE;
				CLANG_CXX_LANGUAGE_STANDARD = "gnu++20";
				CLANG_ENABLE_MODULES = YES;
				CLANG_ENABLE_OBJC_ARC = YES;
				CLANG_ENABLE_OBJC_WEAK = YES;
				CLANG_WARN_BLOCK_CAPTURE_AUTORELEASING = YES;
				CLANG_WARN_BOOL_CONVERSION = YES;
				CLANG_WARN_COMMA = YES;
				CLANG_WARN_CONSTANT_CONVERSION = YES;
				CLANG_WARN_DEPRECATED_OBJC_IMPLEMENTATIONS = YES;
				CLANG_WARN_DIRECT_OBJC_ISA_USAGE = YES_ERROR;
				CLANG_WARN_DOCUMENTATION_COMMENTS = YES;
				CLANG_WARN_EMPTY_BODY = YES;
				CLANG_WARN_ENUM_CONVERSION = YES;
				CLANG_WARN_INFINITE_RECURSION = YES;
				CLANG_WARN_INT_CONVERSION = YES;
				CLANG_WARN_NON_LITERAL_NULL_CONVERSION = YES;
				CLANG_WARN_OBJC_IMPLICIT_RETAIN_SELF = YES;
				CLANG_WARN_OBJC_LITERAL_CONVERSION = YES;
				CLANG_WARN_OBJC_ROOT_CLASS = YES_ERROR;
				CLANG_WARN_QUOTED_INCLUDE_IN_FRAMEWORK_HEADER = YES;
				CLANG_WARN_RANGE_LOOP_ANALYSIS = YES;
				CLANG_WARN_STRICT_PROTOTYPES = YES;
				CLANG_WARN_SUSPICIOUS_MOVE = YES;
				CLANG_WARN_UNGUARDED_AVAILABILITY = YES_AGGRESSIVE;
				CLANG_WARN_UNREACHABLE_CODE = YES;
				CLANG_WARN__DUPLICATE_METHOD_MATCH = YES;
				COPY_PHASE_STRIP = NO;
				DEBUG_INFORMATION_FORMAT = dwarf;
				ENABLE_STRICT_OBJC_MSGSEND = YES;
				ENABLE_TESTABILITY = YES;
				GCC_C_LANGUAGE_STANDARD = gnu11;
				GCC_DYNAMIC_NO_PIC = NO;
				GCC_NO_COMMON_BLOCKS = YES;
				GCC_OPTIMIZATION_LEVEL = 0;
				GCC_PREPROCESSOR_DEFINITIONS = (
					"DEBUG=1",
					"$(inherited)",
				);
				GCC_WARN_64_TO_32_BIT_CONVERSION = YES;
				GCC_WARN_ABOUT_RETURN_TYPE = YES_ERROR;
				GCC_WARN_UNDECLARED_SELECTOR = YES;
				GCC_WARN_UNINITIALIZED_AUTOS = YES_AGGRESSIVE;
				GCC_WARN_UNUSED_FUNCTION = YES;
				GCC_WARN_UNUSED_VARIABLE = YES;
				IPHONEOS_DEPLOYMENT_TARGET = 16.2;
				MTL_ENABLE_DEBUG_INFO = INCLUDE_SOURCE;
				MTL_FAST_MATH = YES;
				ONLY_ACTIVE_ARCH = YES;
				SDKROOT = iphoneos;
				SWIFT_ACTIVE_COMPILATION_CONDITIONS = DEBUG;
				SWIFT_OPTIMIZATION_LEVEL = "-Onone";
			};
			name = Debug;
		};
		54C940C829AA36DF00AF67BC /* Release */ = {
			isa = XCBuildConfiguration;
			buildSettings = {
				ALWAYS_SEARCH_USER_PATHS = NO;
				CLANG_ANALYZER_LOCALIZABILITY_NONLOCALIZED = YES;
				CLANG_ANALYZER_NONNULL = YES;
				CLANG_ANALYZER_NUMBER_OBJECT_CONVERSION = YES_AGGRESSIVE;
				CLANG_CXX_LANGUAGE_STANDARD = "gnu++20";
				CLANG_ENABLE_MODULES = YES;
				CLANG_ENABLE_OBJC_ARC = YES;
				CLANG_ENABLE_OBJC_WEAK = YES;
				CLANG_WARN_BLOCK_CAPTURE_AUTORELEASING = YES;
				CLANG_WARN_BOOL_CONVERSION = YES;
				CLANG_WARN_COMMA = YES;
				CLANG_WARN_CONSTANT_CONVERSION = YES;
				CLANG_WARN_DEPRECATED_OBJC_IMPLEMENTATIONS = YES;
				CLANG_WARN_DIRECT_OBJC_ISA_USAGE = YES_ERROR;
				CLANG_WARN_DOCUMENTATION_COMMENTS = YES;
				CLANG_WARN_EMPTY_BODY = YES;
				CLANG_WARN_ENUM_CONVERSION = YES;
				CLANG_WARN_INFINITE_RECURSION = YES;
				CLANG_WARN_INT_CONVERSION = YES;
				CLANG_WARN_NON_LITERAL_NULL_CONVERSION = YES;
				CLANG_WARN_OBJC_IMPLICIT_RETAIN_SELF = YES;
				CLANG_WARN_OBJC_LITERAL_CONVERSION = YES;
				CLANG_WARN_OBJC_ROOT_CLASS = YES_ERROR;
				CLANG_WARN_QUOTED_INCLUDE_IN_FRAMEWORK_HEADER = YES;
				CLANG_WARN_RANGE_LOOP_ANALYSIS = YES;
				CLANG_WARN_STRICT_PROTOTYPES = YES;
				CLANG_WARN_SUSPICIOUS_MOVE = YES;
				CLANG_WARN_UNGUARDED_AVAILABILITY = YES_AGGRESSIVE;
				CLANG_WARN_UNREACHABLE_CODE = YES;
				CLANG_WARN__DUPLICATE_METHOD_MATCH = YES;
				COPY_PHASE_STRIP = NO;
				DEBUG_INFORMATION_FORMAT = "dwarf-with-dsym";
				ENABLE_NS_ASSERTIONS = NO;
				ENABLE_STRICT_OBJC_MSGSEND = YES;
				GCC_C_LANGUAGE_STANDARD = gnu11;
				GCC_NO_COMMON_BLOCKS = YES;
				GCC_WARN_64_TO_32_BIT_CONVERSION = YES;
				GCC_WARN_ABOUT_RETURN_TYPE = YES_ERROR;
				GCC_WARN_UNDECLARED_SELECTOR = YES;
				GCC_WARN_UNINITIALIZED_AUTOS = YES_AGGRESSIVE;
				GCC_WARN_UNUSED_FUNCTION = YES;
				GCC_WARN_UNUSED_VARIABLE = YES;
				IPHONEOS_DEPLOYMENT_TARGET = 16.2;
				MTL_ENABLE_DEBUG_INFO = NO;
				MTL_FAST_MATH = YES;
				SDKROOT = iphoneos;
				SWIFT_COMPILATION_MODE = wholemodule;
				SWIFT_OPTIMIZATION_LEVEL = "-O";
				VALIDATE_PRODUCT = YES;
			};
			name = Release;
		};
		54C940CA29AA36DF00AF67BC /* Debug */ = {
			isa = XCBuildConfiguration;
			buildSettings = {
				ASSETCATALOG_COMPILER_APPICON_NAME = AppIcon;
				ASSETCATALOG_COMPILER_GLOBAL_ACCENT_COLOR_NAME = AccentColor;
				CODE_SIGN_STYLE = Automatic;
				CURRENT_PROJECT_VERSION = 1;
				DEVELOPMENT_ASSET_PATHS = "\"HandsApp/Preview Content\"";
				DEVELOPMENT_TEAM = X5X7NTDQ7U;
				ENABLE_PREVIEWS = YES;
				GENERATE_INFOPLIST_FILE = YES;
				INFOPLIST_FILE = HandsApp/Info.plist;
				INFOPLIST_KEY_NSCameraUsageDescription = "We need Camera access in order to launch the app!";
				INFOPLIST_KEY_NSMicrophoneUsageDescription = "We need Microphone access in order to record videos!";
				INFOPLIST_KEY_NSPhotoLibraryUsageDescription = "We need Photos access in order to save media!";
				INFOPLIST_KEY_UIApplicationSceneManifest_Generation = YES;
				INFOPLIST_KEY_UIApplicationSupportsIndirectInputEvents = YES;
				INFOPLIST_KEY_UILaunchScreen_Generation = YES;
				INFOPLIST_KEY_UISupportedInterfaceOrientations_iPad = "UIInterfaceOrientationPortrait UIInterfaceOrientationPortraitUpsideDown UIInterfaceOrientationLandscapeLeft UIInterfaceOrientationLandscapeRight";
				INFOPLIST_KEY_UISupportedInterfaceOrientations_iPhone = "UIInterfaceOrientationPortrait UIInterfaceOrientationLandscapeLeft UIInterfaceOrientationLandscapeRight";
				IPHONEOS_DEPLOYMENT_TARGET = 16.0;
				LD_RUNPATH_SEARCH_PATHS = (
					"$(inherited)",
					"@executable_path/Frameworks",
				);
				MARKETING_VERSION = 1.0;
				PRODUCT_BUNDLE_IDENTIFIER = com.ilaria.HandsApp;
				PRODUCT_NAME = "$(TARGET_NAME)";
				SUPPORTED_PLATFORMS = "iphoneos iphonesimulator";
				SUPPORTS_MACCATALYST = NO;
				SUPPORTS_MAC_DESIGNED_FOR_IPHONE_IPAD = NO;
				SWIFT_EMIT_LOC_STRINGS = YES;
				SWIFT_VERSION = 5.0;
				TARGETED_DEVICE_FAMILY = 1;
			};
			name = Debug;
		};
		54C940CB29AA36DF00AF67BC /* Release */ = {
			isa = XCBuildConfiguration;
			buildSettings = {
				ASSETCATALOG_COMPILER_APPICON_NAME = AppIcon;
				ASSETCATALOG_COMPILER_GLOBAL_ACCENT_COLOR_NAME = AccentColor;
				CODE_SIGN_STYLE = Automatic;
				CURRENT_PROJECT_VERSION = 1;
				DEVELOPMENT_ASSET_PATHS = "\"HandsApp/Preview Content\"";
				DEVELOPMENT_TEAM = X5X7NTDQ7U;
				ENABLE_PREVIEWS = YES;
				GENERATE_INFOPLIST_FILE = YES;
				INFOPLIST_FILE = HandsApp/Info.plist;
				INFOPLIST_KEY_NSCameraUsageDescription = "We need Camera access in order to launch the app!";
				INFOPLIST_KEY_NSMicrophoneUsageDescription = "We need Microphone access in order to record videos!";
				INFOPLIST_KEY_NSPhotoLibraryUsageDescription = "We need Photos access in order to save media!";
				INFOPLIST_KEY_UIApplicationSceneManifest_Generation = YES;
				INFOPLIST_KEY_UIApplicationSupportsIndirectInputEvents = YES;
				INFOPLIST_KEY_UILaunchScreen_Generation = YES;
				INFOPLIST_KEY_UISupportedInterfaceOrientations_iPad = "UIInterfaceOrientationPortrait UIInterfaceOrientationPortraitUpsideDown UIInterfaceOrientationLandscapeLeft UIInterfaceOrientationLandscapeRight";
				INFOPLIST_KEY_UISupportedInterfaceOrientations_iPhone = "UIInterfaceOrientationPortrait UIInterfaceOrientationLandscapeLeft UIInterfaceOrientationLandscapeRight";
				IPHONEOS_DEPLOYMENT_TARGET = 16.0;
				LD_RUNPATH_SEARCH_PATHS = (
					"$(inherited)",
					"@executable_path/Frameworks",
				);
				MARKETING_VERSION = 1.0;
				PRODUCT_BUNDLE_IDENTIFIER = com.ilaria.HandsApp;
				PRODUCT_NAME = "$(TARGET_NAME)";
				SUPPORTED_PLATFORMS = "iphoneos iphonesimulator";
				SUPPORTS_MACCATALYST = NO;
				SUPPORTS_MAC_DESIGNED_FOR_IPHONE_IPAD = NO;
				SWIFT_EMIT_LOC_STRINGS = YES;
				SWIFT_VERSION = 5.0;
				TARGETED_DEVICE_FAMILY = 1;
			};
			name = Release;
		};
/* End XCBuildConfiguration section */

/* Begin XCConfigurationList section */
		54C940B629AA36DE00AF67BC /* Build configuration list for PBXProject "HandsApp" */ = {
			isa = XCConfigurationList;
			buildConfigurations = (
				54C940C729AA36DF00AF67BC /* Debug */,
				54C940C829AA36DF00AF67BC /* Release */,
			);
			defaultConfigurationIsVisible = 0;
			defaultConfigurationName = Release;
		};
		54C940C929AA36DF00AF67BC /* Build configuration list for PBXNativeTarget "HandsApp" */ = {
			isa = XCConfigurationList;
			buildConfigurations = (
				54C940CA29AA36DF00AF67BC /* Debug */,
				54C940CB29AA36DF00AF67BC /* Release */,
			);
			defaultConfigurationIsVisible = 0;
			defaultConfigurationName = Release;
		};
/* End XCConfigurationList section */

/* Begin XCRemoteSwiftPackageReference section */
		547FED9D29AD144100EBDC13 /* XCRemoteSwiftPackageReference "SnapKit" */ = {
			isa = XCRemoteSwiftPackageReference;
			repositoryURL = "https://github.com/SnapKit/SnapKit";
			requirement = {
				kind = upToNextMajorVersion;
				minimumVersion = 5.0.0;
			};
		};
/* End XCRemoteSwiftPackageReference section */

/* Begin XCSwiftPackageProductDependency section */
		547FED9E29AD144100EBDC13 /* SnapKit */ = {
			isa = XCSwiftPackageProductDependency;
			package = 547FED9D29AD144100EBDC13 /* XCRemoteSwiftPackageReference "SnapKit" */;
			productName = SnapKit;
		};
/* End XCSwiftPackageProductDependency section */
	};
	rootObject = 54C940B329AA36DE00AF67BC /* Project object */;
}
